
Microsoft Visual Studio Solution File, Format Version 12.00
# Visual Studio Version 17
VisualStudioVersion = 17.0.32014.148
MinimumVisualStudioVersion = 10.0.40219.1
Project("{FAE04EC0-301F-11D3-BF4B-00C04F79EFBC}") = "BlazorApp6", "BlazorApp6\BlazorApp6.csproj", "{B65A9673-6A7C-4EDE-87E2-201936927DD6}"
EndProject
Project("{2150E333-8FDC-42A3-9474-1A3956D46DE8}") = "Solution Items", "Solution Items", "{58F80DCF-68A3-4801-BDF3-FAD396F7057B}"
EndProject
Global
	GlobalSection(SolutionConfigurationPlatforms) = preSolution
		Debug|Any CPU = Debug|Any CPU
		Release|Any CPU = Release|Any CPU
	EndGlobalSection
	GlobalSection(ProjectConfigurationPlatforms) = postSolution
		{B65A9673-6A7C-4EDE-87E2-201936927DD6}.Debug|Any CPU.ActiveCfg = Debug|Any CPU
		{B65A9673-6A7C-4EDE-87E2-201936927DD6}.Debug|Any CPU.Build.0 = Debug|Any CPU
		{B65A9673-6A7C-4EDE-87E2-201936927DD6}.Release|Any CPU.ActiveCfg = Release|Any CPU
		{B65A9673-6A7C-4EDE-87E2-201936927DD6}.Release|Any CPU.Build.0 = Release|Any CPU
	EndGlobalSection
	GlobalSection(SolutionProperties) = preSolution
		HideSolutionNode = FALSE
	EndGlobalSection
	GlobalSection(ExtensibilityGlobals) = postSolution
		SolutionGuid = {E604CEEE-BA2C-430B-ACD7-C5909FDE6108}
	EndGlobalSection
EndGlobal
